
Microsoft Visual Studio Solution File, Format Version 12.00
# Visual Studio 15
VisualStudioVersion = 15.0.27703.2042
MinimumVisualStudioVersion = 10.0.40219.1
Project("{FAE04EC0-301F-11D3-BF4B-00C04F79EFBC}") = "Yagasoft.Clone.WebResources", "Yagasoft.Clone.WebResources\Yagasoft.Clone.WebResources.csproj", "{10CEF776-C988-4D2C-A038-A4B38F2F7C6C}"
EndProject
Project("{FAE04EC0-301F-11D3-BF4B-00C04F79EFBC}") = "Yagasoft.Clone.Plugins", "Yagasoft.Clone.Plugins\Yagasoft.Clone.Plugins.csproj", "{3148142D-B018-405A-84A4-D0B592D32472}"
EndProject
Project("{2150E333-8FDC-42A3-9474-1A3956D46DE8}") = "licence", "licence", "{2AAC171A-A61C-4437-A147-2D225B0A8A4E}"
	ProjectSection(SolutionItems) = preProject
		LICENSE = LICENSE
	EndProjectSection
EndProject
Global
	GlobalSection(SolutionConfigurationPlatforms) = preSolution
		Debug|Any CPU = Debug|Any CPU
		Release|Any CPU = Release|Any CPU
	EndGlobalSection
	GlobalSection(ProjectConfigurationPlatforms) = postSolution
		{10CEF776-C988-4D2C-A038-A4B38F2F7C6C}.Debug|Any CPU.ActiveCfg = Debug|Any CPU
		{10CEF776-C988-4D2C-A038-A4B38F2F7C6C}.Debug|Any CPU.Build.0 = Debug|Any CPU
		{10CEF776-C988-4D2C-A038-A4B38F2F7C6C}.Release|Any CPU.ActiveCfg = Release|Any CPU
		{10CEF776-C988-4D2C-A038-A4B38F2F7C6C}.Release|Any CPU.Build.0 = Release|Any CPU
		{3148142D-B018-405A-84A4-D0B592D32472}.Debug|Any CPU.ActiveCfg = Debug|Any CPU
		{3148142D-B018-405A-84A4-D0B592D32472}.Debug|Any CPU.Build.0 = Debug|Any CPU
		{3148142D-B018-405A-84A4-D0B592D32472}.Release|Any CPU.ActiveCfg = Release|Any CPU
		{3148142D-B018-405A-84A4-D0B592D32472}.Release|Any CPU.Build.0 = Release|Any CPU
	EndGlobalSection
	GlobalSection(SolutionProperties) = preSolution
		HideSolutionNode = FALSE
	EndGlobalSection
	GlobalSection(ExtensibilityGlobals) = postSolution
		SolutionGuid = {A3895CAB-BA22-480A-8A43-E29784B90F6F}
	EndGlobalSection
EndGlobal
